// !$*UTF8*$!
{
	archiveVersion = 1;
	classes = {
	};
	objectVersion = 50;
	objects = {

/* Begin PBXBuildFile section */
		BC121C4423F31FFB00F094F2 /* BoxContents.swift in Sources */ = {isa = PBXBuildFile; fileRef = BC121C4323F31FFB00F094F2 /* BoxContents.swift */; };
		BC12E4C323FC63D2003056AB /* LoginViewController.swift in Sources */ = {isa = PBXBuildFile; fileRef = BC12E4C223FC63D2003056AB /* LoginViewController.swift */; };
		BC12E4C523FC7268003056AB /* HomeViewController.swift in Sources */ = {isa = PBXBuildFile; fileRef = BC12E4C423FC7268003056AB /* HomeViewController.swift */; };
		BC1D48D324039B1300ED2DAD /* NewBoxViewController.swift in Sources */ = {isa = PBXBuildFile; fileRef = BC1D48D224039B1300ED2DAD /* NewBoxViewController.swift */; };
		BC5776642403A00500EFD107 /* OldBoxViewController.swift in Sources */ = {isa = PBXBuildFile; fileRef = BC5776632403A00500EFD107 /* OldBoxViewController.swift */; };
		BC5776662403A01000EFD107 /* ProfileViewController.swift in Sources */ = {isa = PBXBuildFile; fileRef = BC5776652403A01000EFD107 /* ProfileViewController.swift */; };
		BC5776682403A3F000EFD107 /* MonthCell.swift in Sources */ = {isa = PBXBuildFile; fileRef = BC5776672403A3F000EFD107 /* MonthCell.swift */; };
		BC57766A2403AB2C00EFD107 /* MonthViewController.swift in Sources */ = {isa = PBXBuildFile; fileRef = BC5776692403AB2C00EFD107 /* MonthViewController.swift */; };
		BC8FD6F623E7BFAB00E9AFC1 /* AppDelegate.swift in Sources */ = {isa = PBXBuildFile; fileRef = BC8FD6F523E7BFAB00E9AFC1 /* AppDelegate.swift */; };
		BC8FD6F823E7BFAB00E9AFC1 /* SceneDelegate.swift in Sources */ = {isa = PBXBuildFile; fileRef = BC8FD6F723E7BFAB00E9AFC1 /* SceneDelegate.swift */; };
		BC8FD6FA23E7BFAB00E9AFC1 /* OnboardingViewController.swift in Sources */ = {isa = PBXBuildFile; fileRef = BC8FD6F923E7BFAB00E9AFC1 /* OnboardingViewController.swift */; };
		BC8FD6FF23E7BFAC00E9AFC1 /* Assets.xcassets in Resources */ = {isa = PBXBuildFile; fileRef = BC8FD6FE23E7BFAC00E9AFC1 /* Assets.xcassets */; };
		BCE3D29123ECA87C00FE7E4F /* OnboardingPage.swift in Sources */ = {isa = PBXBuildFile; fileRef = BCE3D29023ECA87C00FE7E4F /* OnboardingPage.swift */; };
		BCF797D22404F35F00B29699 /* NewHomeViewController.swift in Sources */ = {isa = PBXBuildFile; fileRef = BCF797D12404F35F00B29699 /* NewHomeViewController.swift */; };
		BCF797D42404F38500B29699 /* Section.swift in Sources */ = {isa = PBXBuildFile; fileRef = BCF797D32404F38500B29699 /* Section.swift */; };
		BCF797D62404F40300B29699 /* TitleSection.swift in Sources */ = {isa = PBXBuildFile; fileRef = BCF797D52404F40300B29699 /* TitleSection.swift */; };
		BCF797D82404F44B00B29699 /* TitleCell.swift in Sources */ = {isa = PBXBuildFile; fileRef = BCF797D72404F44B00B29699 /* TitleCell.swift */; };
/* End PBXBuildFile section */

/* Begin PBXFileReference section */
		BC121C4323F31FFB00F094F2 /* BoxContents.swift */ = {isa = PBXFileReference; lastKnownFileType = sourcecode.swift; path = BoxContents.swift; sourceTree = "<group>"; };
		BC12E4C223FC63D2003056AB /* LoginViewController.swift */ = {isa = PBXFileReference; lastKnownFileType = sourcecode.swift; path = LoginViewController.swift; sourceTree = "<group>"; };
		BC12E4C423FC7268003056AB /* HomeViewController.swift */ = {isa = PBXFileReference; lastKnownFileType = sourcecode.swift; path = HomeViewController.swift; sourceTree = "<group>"; };
		BC1D48D224039B1300ED2DAD /* NewBoxViewController.swift */ = {isa = PBXFileReference; lastKnownFileType = sourcecode.swift; path = NewBoxViewController.swift; sourceTree = "<group>"; };
		BC5776632403A00500EFD107 /* OldBoxViewController.swift */ = {isa = PBXFileReference; lastKnownFileType = sourcecode.swift; path = OldBoxViewController.swift; sourceTree = "<group>"; };
		BC5776652403A01000EFD107 /* ProfileViewController.swift */ = {isa = PBXFileReference; lastKnownFileType = sourcecode.swift; path = ProfileViewController.swift; sourceTree = "<group>"; };
		BC5776672403A3F000EFD107 /* MonthCell.swift */ = {isa = PBXFileReference; lastKnownFileType = sourcecode.swift; path = MonthCell.swift; sourceTree = "<group>"; };
		BC5776692403AB2C00EFD107 /* MonthViewController.swift */ = {isa = PBXFileReference; lastKnownFileType = sourcecode.swift; path = MonthViewController.swift; sourceTree = "<group>"; };
		BC8FD6F223E7BFAB00E9AFC1 /* Onboarding.app */ = {isa = PBXFileReference; explicitFileType = wrapper.application; includeInIndex = 0; path = Onboarding.app; sourceTree = BUILT_PRODUCTS_DIR; };
		BC8FD6F523E7BFAB00E9AFC1 /* AppDelegate.swift */ = {isa = PBXFileReference; lastKnownFileType = sourcecode.swift; path = AppDelegate.swift; sourceTree = "<group>"; };
		BC8FD6F723E7BFAB00E9AFC1 /* SceneDelegate.swift */ = {isa = PBXFileReference; lastKnownFileType = sourcecode.swift; path = SceneDelegate.swift; sourceTree = "<group>"; };
		BC8FD6F923E7BFAB00E9AFC1 /* OnboardingViewController.swift */ = {isa = PBXFileReference; lastKnownFileType = sourcecode.swift; path = OnboardingViewController.swift; sourceTree = "<group>"; };
		BC8FD6FE23E7BFAC00E9AFC1 /* Assets.xcassets */ = {isa = PBXFileReference; lastKnownFileType = folder.assetcatalog; path = Assets.xcassets; sourceTree = "<group>"; };
		BC8FD70323E7BFAD00E9AFC1 /* Info.plist */ = {isa = PBXFileReference; lastKnownFileType = text.plist.xml; path = Info.plist; sourceTree = "<group>"; };
		BCE3D29023ECA87C00FE7E4F /* OnboardingPage.swift */ = {isa = PBXFileReference; lastKnownFileType = sourcecode.swift; path = OnboardingPage.swift; sourceTree = "<group>"; };
		BCF797D12404F35F00B29699 /* NewHomeViewController.swift */ = {isa = PBXFileReference; lastKnownFileType = sourcecode.swift; path = NewHomeViewController.swift; sourceTree = "<group>"; };
		BCF797D32404F38500B29699 /* Section.swift */ = {isa = PBXFileReference; lastKnownFileType = sourcecode.swift; path = Section.swift; sourceTree = "<group>"; };
		BCF797D52404F40300B29699 /* TitleSection.swift */ = {isa = PBXFileReference; lastKnownFileType = sourcecode.swift; path = TitleSection.swift; sourceTree = "<group>"; };
		BCF797D72404F44B00B29699 /* TitleCell.swift */ = {isa = PBXFileReference; lastKnownFileType = sourcecode.swift; path = TitleCell.swift; sourceTree = "<group>"; };
/* End PBXFileReference section */

/* Begin PBXFrameworksBuildPhase section */
		BC8FD6EF23E7BFAB00E9AFC1 /* Frameworks */ = {
			isa = PBXFrameworksBuildPhase;
			buildActionMask = 2147483647;
			files = (
			);
			runOnlyForDeploymentPostprocessing = 0;
		};
/* End PBXFrameworksBuildPhase section */

/* Begin PBXGroup section */
		BC12E4BF23FC5F00003056AB /* Model */ = {
			isa = PBXGroup;
			children = (
				BC121C4323F31FFB00F094F2 /* BoxContents.swift */,
			);
			path = Model;
			sourceTree = "<group>";
		};
		BC12E4C023FC5F0D003056AB /* View */ = {
			isa = PBXGroup;
			children = (
				BCE3D29023ECA87C00FE7E4F /* OnboardingPage.swift */,
				BCF797D52404F40300B29699 /* TitleSection.swift */,
				BCF797D32404F38500B29699 /* Section.swift */,
				BCF797D72404F44B00B29699 /* TitleCell.swift */,
			);
			path = View;
			sourceTree = "<group>";
		};
		BC12E4C123FC5F12003056AB /* Controller */ = {
			isa = PBXGroup;
			children = (
				BC8FD6F923E7BFAB00E9AFC1 /* OnboardingViewController.swift */,
				BC12E4C223FC63D2003056AB /* LoginViewController.swift */,
				BC12E4C423FC7268003056AB /* HomeViewController.swift */,
				BC1D48D224039B1300ED2DAD /* NewBoxViewController.swift */,
				BC5776632403A00500EFD107 /* OldBoxViewController.swift */,
				BC5776652403A01000EFD107 /* ProfileViewController.swift */,
				BC5776692403AB2C00EFD107 /* MonthViewController.swift */,
				BCF797D12404F35F00B29699 /* NewHomeViewController.swift */,
				BCF797D02404F32600B29699 /* Cells */,
			);
			path = Controller;
			sourceTree = "<group>";
		};
		BC8FD6E923E7BFAB00E9AFC1 = {
			isa = PBXGroup;
			children = (
				BC8FD6F423E7BFAB00E9AFC1 /* Onboarding */,
				BC8FD6F323E7BFAB00E9AFC1 /* Products */,
			);
			sourceTree = "<group>";
		};
		BC8FD6F323E7BFAB00E9AFC1 /* Products */ = {
			isa = PBXGroup;
			children = (
				BC8FD6F223E7BFAB00E9AFC1 /* Onboarding.app */,
			);
			name = Products;
			sourceTree = "<group>";
		};
		BC8FD6F423E7BFAB00E9AFC1 /* Onboarding */ = {
			isa = PBXGroup;
			children = (
				BC12E4C123FC5F12003056AB /* Controller */,
				BC12E4C023FC5F0D003056AB /* View */,
				BC12E4BF23FC5F00003056AB /* Model */,
				BC8FD6F523E7BFAB00E9AFC1 /* AppDelegate.swift */,
				BC8FD6FE23E7BFAC00E9AFC1 /* Assets.xcassets */,
				BC8FD6F723E7BFAB00E9AFC1 /* SceneDelegate.swift */,
				BC8FD70323E7BFAD00E9AFC1 /* Info.plist */,
			);
			path = Onboarding;
			sourceTree = "<group>";
		};
		BCF797D02404F32600B29699 /* Cells */ = {
			isa = PBXGroup;
			children = (
				BC5776672403A3F000EFD107 /* MonthCell.swift */,
			);
			path = Cells;
			sourceTree = "<group>";
		};
/* End PBXGroup section */

/* Begin PBXNativeTarget section */
		BC8FD6F123E7BFAB00E9AFC1 /* Onboarding */ = {
			isa = PBXNativeTarget;
			buildConfigurationList = BC8FD70623E7BFAD00E9AFC1 /* Build configuration list for PBXNativeTarget "Onboarding" */;
			buildPhases = (
				BC8FD6EE23E7BFAB00E9AFC1 /* Sources */,
				BC8FD6EF23E7BFAB00E9AFC1 /* Frameworks */,
				BC8FD6F023E7BFAB00E9AFC1 /* Resources */,
			);
			buildRules = (
			);
			dependencies = (
			);
			name = Onboarding;
			productName = Onboarding;
			productReference = BC8FD6F223E7BFAB00E9AFC1 /* Onboarding.app */;
			productType = "com.apple.product-type.application";
		};
/* End PBXNativeTarget section */

/* Begin PBXProject section */
		BC8FD6EA23E7BFAB00E9AFC1 /* Project object */ = {
			isa = PBXProject;
			attributes = {
				LastSwiftUpdateCheck = 1130;
				LastUpgradeCheck = 1130;
				ORGANIZATIONNAME = Makeschool;
				TargetAttributes = {
					BC8FD6F123E7BFAB00E9AFC1 = {
						CreatedOnToolsVersion = 11.3.1;
					};
				};
			};
			buildConfigurationList = BC8FD6ED23E7BFAB00E9AFC1 /* Build configuration list for PBXProject "Onboarding" */;
			compatibilityVersion = "Xcode 9.3";
			developmentRegion = en;
			hasScannedForEncodings = 0;
			knownRegions = (
				en,
				Base,
			);
			mainGroup = BC8FD6E923E7BFAB00E9AFC1;
			productRefGroup = BC8FD6F323E7BFAB00E9AFC1 /* Products */;
			projectDirPath = "";
			projectRoot = "";
			targets = (
				BC8FD6F123E7BFAB00E9AFC1 /* Onboarding */,
			);
		};
/* End PBXProject section */

/* Begin PBXResourcesBuildPhase section */
		BC8FD6F023E7BFAB00E9AFC1 /* Resources */ = {
			isa = PBXResourcesBuildPhase;
			buildActionMask = 2147483647;
			files = (
				BC8FD6FF23E7BFAC00E9AFC1 /* Assets.xcassets in Resources */,
			);
			runOnlyForDeploymentPostprocessing = 0;
		};
/* End PBXResourcesBuildPhase section */

/* Begin PBXSourcesBuildPhase section */
		BC8FD6EE23E7BFAB00E9AFC1 /* Sources */ = {
			isa = PBXSourcesBuildPhase;
			buildActionMask = 2147483647;
			files = (
				BCF797D62404F40300B29699 /* TitleSection.swift in Sources */,
				BC5776642403A00500EFD107 /* OldBoxViewController.swift in Sources */,
				BC5776682403A3F000EFD107 /* MonthCell.swift in Sources */,
				BC12E4C323FC63D2003056AB /* LoginViewController.swift in Sources */,
				BCF797D42404F38500B29699 /* Section.swift in Sources */,
				BC5776662403A01000EFD107 /* ProfileViewController.swift in Sources */,
				BC8FD6FA23E7BFAB00E9AFC1 /* OnboardingViewController.swift in Sources */,
				BC57766A2403AB2C00EFD107 /* MonthViewController.swift in Sources */,
				BC8FD6F623E7BFAB00E9AFC1 /* AppDelegate.swift in Sources */,
				BC8FD6F823E7BFAB00E9AFC1 /* SceneDelegate.swift in Sources */,
				BCE3D29123ECA87C00FE7E4F /* OnboardingPage.swift in Sources */,
				BC12E4C523FC7268003056AB /* HomeViewController.swift in Sources */,
				BCF797D82404F44B00B29699 /* TitleCell.swift in Sources */,
				BC121C4423F31FFB00F094F2 /* BoxContents.swift in Sources */,
				BCF797D22404F35F00B29699 /* NewHomeViewController.swift in Sources */,
				BC1D48D324039B1300ED2DAD /* NewBoxViewController.swift in Sources */,
			);
			runOnlyForDeploymentPostprocessing = 0;
		};
/* End PBXSourcesBuildPhase section */

/* Begin XCBuildConfiguration section */
		BC8FD70423E7BFAD00E9AFC1 /* Debug */ = {
			isa = XCBuildConfiguration;
			buildSettings = {
				ALWAYS_SEARCH_USER_PATHS = NO;
				CLANG_ANALYZER_NONNULL = YES;
				CLANG_ANALYZER_NUMBER_OBJECT_CONVERSION = YES_AGGRESSIVE;
				CLANG_CXX_LANGUAGE_STANDARD = "gnu++14";
				CLANG_CXX_LIBRARY = "libc++";
				CLANG_ENABLE_MODULES = YES;
				CLANG_ENABLE_OBJC_ARC = YES;
				CLANG_ENABLE_OBJC_WEAK = YES;
				CLANG_WARN_BLOCK_CAPTURE_AUTORELEASING = YES;
				CLANG_WARN_BOOL_CONVERSION = YES;
				CLANG_WARN_COMMA = YES;
				CLANG_WARN_CONSTANT_CONVERSION = YES;
				CLANG_WARN_DEPRECATED_OBJC_IMPLEMENTATIONS = YES;
				CLANG_WARN_DIRECT_OBJC_ISA_USAGE = YES_ERROR;
				CLANG_WARN_DOCUMENTATION_COMMENTS = YES;
				CLANG_WARN_EMPTY_BODY = YES;
				CLANG_WARN_ENUM_CONVERSION = YES;
				CLANG_WARN_INFINITE_RECURSION = YES;
				CLANG_WARN_INT_CONVERSION = YES;
				CLANG_WARN_NON_LITERAL_NULL_CONVERSION = YES;
				CLANG_WARN_OBJC_IMPLICIT_RETAIN_SELF = YES;
				CLANG_WARN_OBJC_LITERAL_CONVERSION = YES;
				CLANG_WARN_OBJC_ROOT_CLASS = YES_ERROR;
				CLANG_WARN_RANGE_LOOP_ANALYSIS = YES;
				CLANG_WARN_STRICT_PROTOTYPES = YES;
				CLANG_WARN_SUSPICIOUS_MOVE = YES;
				CLANG_WARN_UNGUARDED_AVAILABILITY = YES_AGGRESSIVE;
				CLANG_WARN_UNREACHABLE_CODE = YES;
				CLANG_WARN__DUPLICATE_METHOD_MATCH = YES;
				COPY_PHASE_STRIP = NO;
				DEBUG_INFORMATION_FORMAT = dwarf;
				ENABLE_STRICT_OBJC_MSGSEND = YES;
				ENABLE_TESTABILITY = YES;
				GCC_C_LANGUAGE_STANDARD = gnu11;
				GCC_DYNAMIC_NO_PIC = NO;
				GCC_NO_COMMON_BLOCKS = YES;
				GCC_OPTIMIZATION_LEVEL = 0;
				GCC_PREPROCESSOR_DEFINITIONS = (
					"DEBUG=1",
					"$(inherited)",
				);
				GCC_WARN_64_TO_32_BIT_CONVERSION = YES;
				GCC_WARN_ABOUT_RETURN_TYPE = YES_ERROR;
				GCC_WARN_UNDECLARED_SELECTOR = YES;
				GCC_WARN_UNINITIALIZED_AUTOS = YES_AGGRESSIVE;
				GCC_WARN_UNUSED_FUNCTION = YES;
				GCC_WARN_UNUSED_VARIABLE = YES;
				IPHONEOS_DEPLOYMENT_TARGET = 13.2;
				MTL_ENABLE_DEBUG_INFO = INCLUDE_SOURCE;
				MTL_FAST_MATH = YES;
				ONLY_ACTIVE_ARCH = YES;
				SDKROOT = iphoneos;
				SWIFT_ACTIVE_COMPILATION_CONDITIONS = DEBUG;
				SWIFT_OPTIMIZATION_LEVEL = "-Onone";
			};
			name = Debug;
		};
		BC8FD70523E7BFAD00E9AFC1 /* Release */ = {
			isa = XCBuildConfiguration;
			buildSettings = {
				ALWAYS_SEARCH_USER_PATHS = NO;
				CLANG_ANALYZER_NONNULL = YES;
				CLANG_ANALYZER_NUMBER_OBJECT_CONVERSION = YES_AGGRESSIVE;
				CLANG_CXX_LANGUAGE_STANDARD = "gnu++14";
				CLANG_CXX_LIBRARY = "libc++";
				CLANG_ENABLE_MODULES = YES;
				CLANG_ENABLE_OBJC_ARC = YES;
				CLANG_ENABLE_OBJC_WEAK = YES;
				CLANG_WARN_BLOCK_CAPTURE_AUTORELEASING = YES;
				CLANG_WARN_BOOL_CONVERSION = YES;
				CLANG_WARN_COMMA = YES;
				CLANG_WARN_CONSTANT_CONVERSION = YES;
				CLANG_WARN_DEPRECATED_OBJC_IMPLEMENTATIONS = YES;
				CLANG_WARN_DIRECT_OBJC_ISA_USAGE = YES_ERROR;
				CLANG_WARN_DOCUMENTATION_COMMENTS = YES;
				CLANG_WARN_EMPTY_BODY = YES;
				CLANG_WARN_ENUM_CONVERSION = YES;
				CLANG_WARN_INFINITE_RECURSION = YES;
				CLANG_WARN_INT_CONVERSION = YES;
				CLANG_WARN_NON_LITERAL_NULL_CONVERSION = YES;
				CLANG_WARN_OBJC_IMPLICIT_RETAIN_SELF = YES;
				CLANG_WARN_OBJC_LITERAL_CONVERSION = YES;
				CLANG_WARN_OBJC_ROOT_CLASS = YES_ERROR;
				CLANG_WARN_RANGE_LOOP_ANALYSIS = YES;
				CLANG_WARN_STRICT_PROTOTYPES = YES;
				CLANG_WARN_SUSPICIOUS_MOVE = YES;
				CLANG_WARN_UNGUARDED_AVAILABILITY = YES_AGGRESSIVE;
				CLANG_WARN_UNREACHABLE_CODE = YES;
				CLANG_WARN__DUPLICATE_METHOD_MATCH = YES;
				COPY_PHASE_STRIP = NO;
				DEBUG_INFORMATION_FORMAT = "dwarf-with-dsym";
				ENABLE_NS_ASSERTIONS = NO;
				ENABLE_STRICT_OBJC_MSGSEND = YES;
				GCC_C_LANGUAGE_STANDARD = gnu11;
				GCC_NO_COMMON_BLOCKS = YES;
				GCC_WARN_64_TO_32_BIT_CONVERSION = YES;
				GCC_WARN_ABOUT_RETURN_TYPE = YES_ERROR;
				GCC_WARN_UNDECLARED_SELECTOR = YES;
				GCC_WARN_UNINITIALIZED_AUTOS = YES_AGGRESSIVE;
				GCC_WARN_UNUSED_FUNCTION = YES;
				GCC_WARN_UNUSED_VARIABLE = YES;
				IPHONEOS_DEPLOYMENT_TARGET = 13.2;
				MTL_ENABLE_DEBUG_INFO = NO;
				MTL_FAST_MATH = YES;
				SDKROOT = iphoneos;
				SWIFT_COMPILATION_MODE = wholemodule;
				SWIFT_OPTIMIZATION_LEVEL = "-O";
				VALIDATE_PRODUCT = YES;
			};
			name = Release;
		};
		BC8FD70723E7BFAD00E9AFC1 /* Debug */ = {
			isa = XCBuildConfiguration;
			buildSettings = {
				ASSETCATALOG_COMPILER_APPICON_NAME = AppIcon;
				CODE_SIGN_STYLE = Automatic;
				INFOPLIST_FILE = Onboarding/Info.plist;
				LD_RUNPATH_SEARCH_PATHS = (
					"$(inherited)",
					"@executable_path/Frameworks",
				);
				PRODUCT_BUNDLE_IDENTIFIER = com.makeschool.Onboarding;
				PRODUCT_NAME = "$(TARGET_NAME)";
				SWIFT_VERSION = 5.0;
				TARGETED_DEVICE_FAMILY = "1,2";
			};
			name = Debug;
		};
		BC8FD70823E7BFAD00E9AFC1 /* Release */ = {
			isa = XCBuildConfiguration;
			buildSettings = {
				ASSETCATALOG_COMPILER_APPICON_NAME = AppIcon;
				CODE_SIGN_STYLE = Automatic;
				INFOPLIST_FILE = Onboarding/Info.plist;
				LD_RUNPATH_SEARCH_PATHS = (
					"$(inherited)",
					"@executable_path/Frameworks",
				);
				PRODUCT_BUNDLE_IDENTIFIER = com.makeschool.Onboarding;
				PRODUCT_NAME = "$(TARGET_NAME)";
				SWIFT_VERSION = 5.0;
				TARGETED_DEVICE_FAMILY = "1,2";
			};
			name = Release;
		};
/* End XCBuildConfiguration section */

/* Begin XCConfigurationList section */
		BC8FD6ED23E7BFAB00E9AFC1 /* Build configuration list for PBXProject "Onboarding" */ = {
			isa = XCConfigurationList;
			buildConfigurations = (
				BC8FD70423E7BFAD00E9AFC1 /* Debug */,
				BC8FD70523E7BFAD00E9AFC1 /* Release */,
			);
			defaultConfigurationIsVisible = 0;
			defaultConfigurationName = Release;
		};
		BC8FD70623E7BFAD00E9AFC1 /* Build configuration list for PBXNativeTarget "Onboarding" */ = {
			isa = XCConfigurationList;
			buildConfigurations = (
				BC8FD70723E7BFAD00E9AFC1 /* Debug */,
				BC8FD70823E7BFAD00E9AFC1 /* Release */,
			);
			defaultConfigurationIsVisible = 0;
			defaultConfigurationName = Release;
		};
/* End XCConfigurationList section */
	};
	rootObject = BC8FD6EA23E7BFAB00E9AFC1 /* Project object */;
}
